{
  "pins" : [
    {
      "identity" : "activelabel.swift",
      "kind" : "remoteSourceControl",
      "location" : "https://github.com/optonaut/ActiveLabel.swift",
      "state" : {
        "revision" : "36949c1a69ef8b40574da20c9e24b115f387b1cf",
        "version" : "1.1.5"
      }
    },
    {
      "identity" : "alamofire",
      "kind" : "remoteSourceControl",
      "location" : "https://github.com/Alamofire/Alamofire.git",
      "state" : {
        "revision" : "8dd85aee02e39dd280c75eef88ffdb86eed4b07b",
        "version" : "5.6.2"
      }
    },
    {
      "identity" : "alamofireimage",
      "kind" : "remoteSourceControl",
      "location" : "https://github.com/Alamofire/AlamofireImage.git",
      "state" : {
        "revision" : "98cbb00ce0ec5fc8e52a5b50a6bfc08d3e5aee10",
        "version" : "4.2.0"
      }
    },
    {
      "identity" : "animatedfield",
      "kind" : "remoteSourceControl",
      "location" : "https://github.com/DoubleNodeOpen/AnimatedField.git",
      "state" : {
        "revision" : "d1809454afa6bcd0d7ba02d758341445d48c7420",
        "version" : "2.5.24"
      }
    },
    {
      "identity" : "atomicswift",
      "kind" : "remoteSourceControl",
      "location" : "https://github.com/DoubleNodeOpen/AtomicSwift.git",
      "state" : {
        "revision" : "58fbeed795715d9c8dd7bb7ae1c36f37f2827089",
        "version" : "1.2.2"
      }
    },
    {
      "identity" : "dnscore",
      "kind" : "remoteSourceControl",
      "location" : "https://github.com/DoubleNode/DNSCore.git",
      "state" : {
        "revision" : "ea6340794e19beb3a166aa4565f8698e2285b5a0",
        "version" : "1.9.34"
      }
    },
    {
      "identity" : "dnscorethreading",
      "kind" : "remoteSourceControl",
      "location" : "https://github.com/DoubleNode/DNSCoreThreading.git",
      "state" : {
        "revision" : "24d5a62110fed06d627e979d1459f10c2b24643d",
        "version" : "1.9.0"
      }
    },
    {
      "identity" : "dnserror",
      "kind" : "remoteSourceControl",
      "location" : "https://github.com/DoubleNode/DNSError.git",
      "state" : {
        "revision" : "db7e75d714b953dd3081f834606118521b0c31c7",
        "version" : "1.9.2"
      }
    },
    {
      "identity" : "sfsymbol",
      "kind" : "remoteSourceControl",
      "location" : "https://github.com/Nirma/SFSymbol",
      "state" : {
        "revision" : "90ec3de89965be4612b496211e1f31a363a1df42",
        "version" : "1.1.0"
      }
    },
    {
      "identity" : "swift-mask-textfield",
      "kind" : "remoteSourceControl",
      "location" : "https://github.com/DoubleNodeOpen/swift-mask-textfield.git",
      "state" : {
        "revision" : "a5546b7ae52f8d6e0b067c25606f3455056b92a5",
        "version" : "1.1.2"
      }
    },
    {
      "identity" : "swiftybeaver",
      "kind" : "remoteSourceControl",
      "location" : "https://github.com/SwiftyBeaver/SwiftyBeaver.git",
      "state" : {
        "revision" : "12b5acf96d98f91d50de447369bd18df74600f1a",
        "version" : "1.9.6"
      }
    },
    {
      "identity" : "swipecellkit",
      "kind" : "remoteSourceControl",
      "location" : "https://github.com/SwipeCellKit/SwipeCellKit",
      "state" : {
        "revision" : "7219cad3098637176ace311510d11467dbfb9bb0",
        "version" : "2.7.1"
      }
    }
  ],
  "version" : 2
}
